
Microsoft Visual Studio Solution File, Format Version 12.00
# Visual Studio Version 16
VisualStudioVersion = 16.0.31410.357
MinimumVisualStudioVersion = 10.0.40219.1
Project("{FAE04EC0-301F-11D3-BF4B-00C04F79EFBC}") = "Passwork", "Passwork\Passwork.csproj", "{E2B07FA3-339E-4744-A730-84D441F0B731}"
EndProject
Global
	GlobalSection(SolutionConfigurationPlatforms) = preSolution
		Debug|Any CPU = Debug|Any CPU
		Release|Any CPU = Release|Any CPU
	EndGlobalSection
	GlobalSection(ProjectConfigurationPlatforms) = postSolution
		{E2B07FA3-339E-4744-A730-84D441F0B731}.Debug|Any CPU.ActiveCfg = Debug|Any CPU
		{E2B07FA3-339E-4744-A730-84D441F0B731}.Debug|Any CPU.Build.0 = Debug|Any CPU
		{E2B07FA3-339E-4744-A730-84D441F0B731}.Release|Any CPU.ActiveCfg = Release|Any CPU
		{E2B07FA3-339E-4744-A730-84D441F0B731}.Release|Any CPU.Build.0 = Release|Any CPU
	EndGlobalSection
	GlobalSection(SolutionProperties) = preSolution
		HideSolutionNode = FALSE
	EndGlobalSection
	GlobalSection(ExtensibilityGlobals) = postSolution
		SolutionGuid = {F914DD61-0FCD-4821-A19E-1A291B9CE43F}
	EndGlobalSection
EndGlobal
